// !$*UTF8*$!
{
	archiveVersion = 1;
	classes = {
	};
	objectVersion = 46;
	objects = {

/* Begin PBXBuildFile section */
		F176FE611B2EEFCD00696172 /* main.m in Sources */ = {isa = PBXBuildFile; fileRef = F176FE601B2EEFCD00696172 /* main.m */; };
		F176FE641B2EEFCD00696172 /* AppDelegate.m in Sources */ = {isa = PBXBuildFile; fileRef = F176FE631B2EEFCD00696172 /* AppDelegate.m */; };
		F176FE671B2EEFCD00696172 /* ViewController.m in Sources */ = {isa = PBXBuildFile; fileRef = F176FE661B2EEFCD00696172 /* ViewController.m */; };
		F176FE6A1B2EEFCD00696172 /* Main.storyboard in Resources */ = {isa = PBXBuildFile; fileRef = F176FE681B2EEFCD00696172 /* Main.storyboard */; };
		F176FE6C1B2EEFCD00696172 /* Images.xcassets in Resources */ = {isa = PBXBuildFile; fileRef = F176FE6B1B2EEFCD00696172 /* Images.xcassets */; };
		F176FE6F1B2EEFCD00696172 /* LaunchScreen.xib in Resources */ = {isa = PBXBuildFile; fileRef = F176FE6D1B2EEFCD00696172 /* LaunchScreen.xib */; };
		F176FE7B1B2EEFCD00696172 /* ToDoListTests.m in Sources */ = {isa = PBXBuildFile; fileRef = F176FE7A1B2EEFCD00696172 /* ToDoListTests.m */; };
/* End PBXBuildFile section */

/* Begin PBXContainerItemProxy section */
		F176FE751B2EEFCD00696172 /* PBXContainerItemProxy */ = {
			isa = PBXContainerItemProxy;
			containerPortal = F176FE531B2EEFCD00696172 /* Project object */;
			proxyType = 1;
			remoteGlobalIDString = F176FE5A1B2EEFCD00696172;
			remoteInfo = ToDoList;
		};
/* End PBXContainerItemProxy section */

/* Begin PBXFileReference section */
		F176FE5B1B2EEFCD00696172 /* ToDoList.app */ = {isa = PBXFileReference; explicitFileType = wrapper.application; includeInIndex = 0; path = ToDoList.app; sourceTree = BUILT_PRODUCTS_DIR; };
		F176FE5F1B2EEFCD00696172 /* Info.plist */ = {isa = PBXFileReference; lastKnownFileType = text.plist.xml; path = Info.plist; sourceTree = "<group>"; };
		F176FE601B2EEFCD00696172 /* main.m */ = {isa = PBXFileReference; lastKnownFileType = sourcecode.c.objc; path = main.m; sourceTree = "<group>"; };
		F176FE621B2EEFCD00696172 /* AppDelegate.h */ = {isa = PBXFileReference; lastKnownFileType = sourcecode.c.h; path = AppDelegate.h; sourceTree = "<group>"; };
		F176FE631B2EEFCD00696172 /* AppDelegate.m */ = {isa = PBXFileReference; lastKnownFileType = sourcecode.c.objc; path = AppDelegate.m; sourceTree = "<group>"; };
		F176FE651B2EEFCD00696172 /* ViewController.h */ = {isa = PBXFileReference; lastKnownFileType = sourcecode.c.h; path = ViewController.h; sourceTree = "<group>"; };
		F176FE661B2EEFCD00696172 /* ViewController.m */ = {isa = PBXFileReference; lastKnownFileType = sourcecode.c.objc; path = ViewController.m; sourceTree = "<group>"; };
		F176FE691B2EEFCD00696172 /* Base */ = {isa = PBXFileReference; lastKnownFileType = file.storyboard; name = Base; path = Base.lproj/Main.storyboard; sourceTree = "<group>"; };
		F176FE6B1B2EEFCD00696172 /* Images.xcassets */ = {isa = PBXFileReference; lastKnownFileType = folder.assetcatalog; path = Images.xcassets; sourceTree = "<group>"; };
		F176FE6E1B2EEFCD00696172 /* Base */ = {isa = PBXFileReference; lastKnownFileType = file.xib; name = Base; path = Base.lproj/LaunchScreen.xib; sourceTree = "<group>"; };
		F176FE741B2EEFCD00696172 /* ToDoListTests.xctest */ = {isa = PBXFileReference; explicitFileType = wrapper.cfbundle; includeInIndex = 0; path = ToDoListTests.xctest; sourceTree = BUILT_PRODUCTS_DIR; };
		F176FE791B2EEFCD00696172 /* Info.plist */ = {isa = PBXFileReference; lastKnownFileType = text.plist.xml; path = Info.plist; sourceTree = "<group>"; };
		F176FE7A1B2EEFCD00696172 /* ToDoListTests.m */ = {isa = PBXFileReference; lastKnownFileType = sourcecode.c.objc; path = ToDoListTests.m; sourceTree = "<group>"; };
/* End PBXFileReference section */

/* Begin PBXFrameworksBuildPhase section */
		F176FE581B2EEFCD00696172 /* Frameworks */ = {
			isa = PBXFrameworksBuildPhase;
			buildActionMask = 2147483647;
			files = (
			);
			runOnlyForDeploymentPostprocessing = 0;
		};
		F176FE711B2EEFCD00696172 /* Frameworks */ = {
			isa = PBXFrameworksBuildPhase;
			buildActionMask = 2147483647;
			files = (
			);
			runOnlyForDeploymentPostprocessing = 0;
		};
/* End PBXFrameworksBuildPhase section */

/* Begin PBXGroup section */
		F176FE521B2EEFCD00696172 = {
			isa = PBXGroup;
			children = (
				F176FE5D1B2EEFCD00696172 /* ToDoList */,
				F176FE771B2EEFCD00696172 /* ToDoListTests */,
				F176FE5C1B2EEFCD00696172 /* Products */,
			);
			sourceTree = "<group>";
		};
		F176FE5C1B2EEFCD00696172 /* Products */ = {
			isa = PBXGroup;
			children = (
				F176FE5B1B2EEFCD00696172 /* ToDoList.app */,
				F176FE741B2EEFCD00696172 /* ToDoListTests.xctest */,
			);
			name = Products;
			sourceTree = "<group>";
		};
		F176FE5D1B2EEFCD00696172 /* ToDoList */ = {
			isa = PBXGroup;
			children = (
				F176FE621B2EEFCD00696172 /* AppDelegate.h */,
				F176FE631B2EEFCD00696172 /* AppDelegate.m */,
				F176FE651B2EEFCD00696172 /* ViewController.h */,
				F176FE661B2EEFCD00696172 /* ViewController.m */,
				F176FE681B2EEFCD00696172 /* Main.storyboard */,
				F176FE6B1B2EEFCD00696172 /* Images.xcassets */,
				F176FE6D1B2EEFCD00696172 /* LaunchScreen.xib */,
				F176FE5E1B2EEFCD00696172 /* Supporting Files */,
			);
			path = ToDoList;
			sourceTree = "<group>";
		};
		F176FE5E1B2EEFCD00696172 /* Supporting Files */ = {
			isa = PBXGroup;
			children = (
				F176FE5F1B2EEFCD00696172 /* Info.plist */,
				F176FE601B2EEFCD00696172 /* main.m */,
			);
			name = "Supporting Files";
			sourceTree = "<group>";
		};
		F176FE771B2EEFCD00696172 /* ToDoListTests */ = {
			isa = PBXGroup;
			children = (
				F176FE7A1B2EEFCD00696172 /* ToDoListTests.m */,
				F176FE781B2EEFCD00696172 /* Supporting Files */,
			);
			path = ToDoListTests;
			sourceTree = "<group>";
		};
		F176FE781B2EEFCD00696172 /* Supporting Files */ = {
			isa = PBXGroup;
			children = (
				F176FE791B2EEFCD00696172 /* Info.plist */,
			);
			name = "Supporting Files";
			sourceTree = "<group>";
		};
/* End PBXGroup section */

/* Begin PBXNativeTarget section */
		F176FE5A1B2EEFCD00696172 /* ToDoList */ = {
			isa = PBXNativeTarget;
			buildConfigurationList = F176FE7E1B2EEFCD00696172 /* Build configuration list for PBXNativeTarget "ToDoList" */;
			buildPhases = (
				F176FE571B2EEFCD00696172 /* Sources */,
				F176FE581B2EEFCD00696172 /* Frameworks */,
				F176FE591B2EEFCD00696172 /* Resources */,
			);
			buildRules = (
			);
			dependencies = (
			);
			name = ToDoList;
			productName = ToDoList;
			productReference = F176FE5B1B2EEFCD00696172 /* ToDoList.app */;
			productType = "com.apple.product-type.application";
		};
		F176FE731B2EEFCD00696172 /* ToDoListTests */ = {
			isa = PBXNativeTarget;
			buildConfigurationList = F176FE811B2EEFCD00696172 /* Build configuration list for PBXNativeTarget "ToDoListTests" */;
			buildPhases = (
				F176FE701B2EEFCD00696172 /* Sources */,
				F176FE711B2EEFCD00696172 /* Frameworks */,
				F176FE721B2EEFCD00696172 /* Resources */,
			);
			buildRules = (
			);
			dependencies = (
				F176FE761B2EEFCD00696172 /* PBXTargetDependency */,
			);
			name = ToDoListTests;
			productName = ToDoListTests;
			productReference = F176FE741B2EEFCD00696172 /* ToDoListTests.xctest */;
			productType = "com.apple.product-type.bundle.unit-test";
		};
/* End PBXNativeTarget section */

/* Begin PBXProject section */
		F176FE531B2EEFCD00696172 /* Project object */ = {
			isa = PBXProject;
			attributes = {
				LastUpgradeCheck = 0610;
				ORGANIZATIONNAME = zhanggenle;
				TargetAttributes = {
					F176FE5A1B2EEFCD00696172 = {
						CreatedOnToolsVersion = 6.1;
					};
					F176FE731B2EEFCD00696172 = {
						CreatedOnToolsVersion = 6.1;
						TestTargetID = F176FE5A1B2EEFCD00696172;
					};
				};
			};
			buildConfigurationList = F176FE561B2EEFCD00696172 /* Build configuration list for PBXProject "ToDoList" */;
			compatibilityVersion = "Xcode 3.2";
			developmentRegion = English;
			hasScannedForEncodings = 0;
			knownRegions = (
				en,
				Base,
			);
			mainGroup = F176FE521B2EEFCD00696172;
			productRefGroup = F176FE5C1B2EEFCD00696172 /* Products */;
			projectDirPath = "";
			projectRoot = "";
			targets = (
				F176FE5A1B2EEFCD00696172 /* ToDoList */,
				F176FE731B2EEFCD00696172 /* ToDoListTests */,
			);
		};
/* End PBXProject section */

/* Begin PBXResourcesBuildPhase section */
		F176FE591B2EEFCD00696172 /* Resources */ = {
			isa = PBXResourcesBuildPhase;
			buildActionMask = 2147483647;
			files = (
				F176FE6A1B2EEFCD00696172 /* Main.storyboard in Resources */,
				F176FE6F1B2EEFCD00696172 /* LaunchScreen.xib in Resources */,
				F176FE6C1B2EEFCD00696172 /* Images.xcassets in Resources */,
			);
			runOnlyForDeploymentPostprocessing = 0;
		};
		F176FE721B2EEFCD00696172 /* Resources */ = {
			isa = PBXResourcesBuildPhase;
			buildActionMask = 2147483647;
			files = (
			);
			runOnlyForDeploymentPostprocessing = 0;
		};
/* End PBXResourcesBuildPhase section */

/* Begin PBXSourcesBuildPhase section */
		F176FE571B2EEFCD00696172 /* Sources */ = {
			isa = PBXSourcesBuildPhase;
			buildActionMask = 2147483647;
			files = (
				F176FE671B2EEFCD00696172 /* ViewController.m in Sources */,
				F176FE641B2EEFCD00696172 /* AppDelegate.m in Sources */,
				F176FE611B2EEFCD00696172 /* main.m in Sources */,
			);
			runOnlyForDeploymentPostprocessing = 0;
		};
		F176FE701B2EEFCD00696172 /* Sources */ = {
			isa = PBXSourcesBuildPhase;
			buildActionMask = 2147483647;
			files = (
				F176FE7B1B2EEFCD00696172 /* ToDoListTests.m in Sources */,
			);
			runOnlyForDeploymentPostprocessing = 0;
		};
/* End PBXSourcesBuildPhase section */

/* Begin PBXTargetDependency section */
		F176FE761B2EEFCD00696172 /* PBXTargetDependency */ = {
			isa = PBXTargetDependency;
			target = F176FE5A1B2EEFCD00696172 /* ToDoList */;
			targetProxy = F176FE751B2EEFCD00696172 /* PBXContainerItemProxy */;
		};
/* End PBXTargetDependency section */

/* Begin PBXVariantGroup section */
		F176FE681B2EEFCD00696172 /* Main.storyboard */ = {
			isa = PBXVariantGroup;
			children = (
				F176FE691B2EEFCD00696172 /* Base */,
			);
			name = Main.storyboard;
			sourceTree = "<group>";
		};
		F176FE6D1B2EEFCD00696172 /* LaunchScreen.xib */ = {
			isa = PBXVariantGroup;
			children = (
				F176FE6E1B2EEFCD00696172 /* Base */,
			);
			name = LaunchScreen.xib;
			sourceTree = "<group>";
		};
/* End PBXVariantGroup section */

/* Begin XCBuildConfiguration section */
		F176FE7C1B2EEFCD00696172 /* Debug */ = {
			isa = XCBuildConfiguration;
			buildSettings = {
				ALWAYS_SEARCH_USER_PATHS = NO;
				CLANG_CXX_LANGUAGE_STANDARD = "gnu++0x";
				CLANG_CXX_LIBRARY = "libc++";
				CLANG_ENABLE_MODULES = YES;
				CLANG_ENABLE_OBJC_ARC = YES;
				CLANG_WARN_BOOL_CONVERSION = YES;
				CLANG_WARN_CONSTANT_CONVERSION = YES;
				CLANG_WARN_DIRECT_OBJC_ISA_USAGE = YES_ERROR;
				CLANG_WARN_EMPTY_BODY = YES;
				CLANG_WARN_ENUM_CONVERSION = YES;
				CLANG_WARN_INT_CONVERSION = YES;
				CLANG_WARN_OBJC_ROOT_CLASS = YES_ERROR;
				CLANG_WARN_UNREACHABLE_CODE = YES;
				CLANG_WARN__DUPLICATE_METHOD_MATCH = YES;
				"CODE_SIGN_IDENTITY[sdk=iphoneos*]" = "iPhone Developer";
				COPY_PHASE_STRIP = NO;
				ENABLE_STRICT_OBJC_MSGSEND = YES;
				GCC_C_LANGUAGE_STANDARD = gnu99;
				GCC_DYNAMIC_NO_PIC = NO;
				GCC_OPTIMIZATION_LEVEL = 0;
				GCC_PREPROCESSOR_DEFINITIONS = (
					"DEBUG=1",
					"$(inherited)",
				);
				GCC_SYMBOLS_PRIVATE_EXTERN = NO;
				GCC_WARN_64_TO_32_BIT_CONVERSION = YES;
				GCC_WARN_ABOUT_RETURN_TYPE = YES_ERROR;
				GCC_WARN_UNDECLARED_SELECTOR = YES;
				GCC_WARN_UNINITIALIZED_AUTOS = YES_AGGRESSIVE;
				GCC_WARN_UNUSED_FUNCTION = YES;
				GCC_WARN_UNUSED_VARIABLE = YES;
				IPHONEOS_DEPLOYMENT_TARGET = 8.1;
				MTL_ENABLE_DEBUG_INFO = YES;
				ONLY_ACTIVE_ARCH = YES;
				SDKROOT = iphoneos;
				TARGETED_DEVICE_FAMILY = "1,2";
			};
			name = Debug;
		};
		F176FE7D1B2EEFCD00696172 /* Release */ = {
			isa = XCBuildConfiguration;
			buildSettings = {
				ALWAYS_SEARCH_USER_PATHS = NO;
				CLANG_CXX_LANGUAGE_STANDARD = "gnu++0x";
				CLANG_CXX_LIBRARY = "libc++";
				CLANG_ENABLE_MODULES = YES;
				CLANG_ENABLE_OBJC_ARC = YES;
				CLANG_WARN_BOOL_CONVERSION = YES;
				CLANG_WARN_CONSTANT_CONVERSION = YES;
				CLANG_WARN_DIRECT_OBJC_ISA_USAGE = YES_ERROR;
				CLANG_WARN_EMPTY_BODY = YES;
				CLANG_WARN_ENUM_CONVERSION = YES;
				CLANG_WARN_INT_CONVERSION = YES;
				CLANG_WARN_OBJC_ROOT_CLASS = YES_ERROR;
				CLANG_WARN_UNREACHABLE_CODE = YES;
				CLANG_WARN__DUPLICATE_METHOD_MATCH = YES;
				"CODE_SIGN_IDENTITY[sdk=iphoneos*]" = "iPhone Developer";
				COPY_PHASE_STRIP = YES;
				ENABLE_NS_ASSERTIONS = NO;
				ENABLE_STRICT_OBJC_MSGSEND = YES;
				GCC_C_LANGUAGE_STANDARD = gnu99;
				GCC_WARN_64_TO_32_BIT_CONVERSION = YES;
				GCC_WARN_ABOUT_RETURN_TYPE = YES_ERROR;
				GCC_WARN_UNDECLARED_SELECTOR = YES;
				GCC_WARN_UNINITIALIZED_AUTOS = YES_AGGRESSIVE;
				GCC_WARN_UNUSED_FUNCTION = YES;
				GCC_WARN_UNUSED_VARIABLE = YES;
				IPHONEOS_DEPLOYMENT_TARGET = 8.1;
				MTL_ENABLE_DEBUG_INFO = NO;
				SDKROOT = iphoneos;
				TARGETED_DEVICE_FAMILY = "1,2";
				VALIDATE_PRODUCT = YES;
			};
			name = Release;
		};
		F176FE7F1B2EEFCD00696172 /* Debug */ = {
			isa = XCBuildConfiguration;
			buildSettings = {
				ASSETCATALOG_COMPILER_APPICON_NAME = AppIcon;
				INFOPLIST_FILE = ToDoList/Info.plist;
				LD_RUNPATH_SEARCH_PATHS = "$(inherited) @executable_path/Frameworks";
				PRODUCT_NAME = "$(TARGET_NAME)";
			};
			name = Debug;
		};
		F176FE801B2EEFCD00696172 /* Release */ = {
			isa = XCBuildConfiguration;
			buildSettings = {
				ASSETCATALOG_COMPILER_APPICON_NAME = AppIcon;
				INFOPLIST_FILE = ToDoList/Info.plist;
				LD_RUNPATH_SEARCH_PATHS = "$(inherited) @executable_path/Frameworks";
				PRODUCT_NAME = "$(TARGET_NAME)";
			};
			name = Release;
		};
		F176FE821B2EEFCD00696172 /* Debug */ = {
			isa = XCBuildConfiguration;
			buildSettings = {
				BUNDLE_LOADER = "$(TEST_HOST)";
				FRAMEWORK_SEARCH_PATHS = (
					"$(SDKROOT)/Developer/Library/Frameworks",
					"$(inherited)",
				);
				GCC_PREPROCESSOR_DEFINITIONS = (
					"DEBUG=1",
					"$(inherited)",
				);
				INFOPLIST_FILE = ToDoListTests/Info.plist;
				LD_RUNPATH_SEARCH_PATHS = "$(inherited) @executable_path/Frameworks @loader_path/Frameworks";
				PRODUCT_NAME = "$(TARGET_NAME)";
				TEST_HOST = "$(BUILT_PRODUCTS_DIR)/ToDoList.app/ToDoList";
			};
			name = Debug;
		};
		F176FE831B2EEFCD00696172 /* Release */ = {
			isa = XCBuildConfiguration;
			buildSettings = {
				BUNDLE_LOADER = "$(TEST_HOST)";
				FRAMEWORK_SEARCH_PATHS = (
					"$(SDKROOT)/Developer/Library/Frameworks",
					"$(inherited)",
				);
				INFOPLIST_FILE = ToDoListTests/Info.plist;
				LD_RUNPATH_SEARCH_PATHS = "$(inherited) @executable_path/Frameworks @loader_path/Frameworks";
				PRODUCT_NAME = "$(TARGET_NAME)";
				TEST_HOST = "$(BUILT_PRODUCTS_DIR)/ToDoList.app/ToDoList";
			};
			name = Release;
		};
/* End XCBuildConfiguration section */

/* Begin XCConfigurationList section */
		F176FE561B2EEFCD00696172 /* Build configuration list for PBXProject "ToDoList" */ = {
			isa = XCConfigurationList;
			buildConfigurations = (
				F176FE7C1B2EEFCD00696172 /* Debug */,
				F176FE7D1B2EEFCD00696172 /* Release */,
			);
			defaultConfigurationIsVisible = 0;
			defaultConfigurationName = Release;
		};
		F176FE7E1B2EEFCD00696172 /* Build configuration list for PBXNativeTarget "ToDoList" */ = {
			isa = XCConfigurationList;
			buildConfigurations = (
				F176FE7F1B2EEFCD00696172 /* Debug */,
				F176FE801B2EEFCD00696172 /* Release */,
			);
			defaultConfigurationIsVisible = 0;
		};
		F176FE811B2EEFCD00696172 /* Build configuration list for PBXNativeTarget "ToDoListTests" */ = {
			isa = XCConfigurationList;
			buildConfigurations = (
				F176FE821B2EEFCD00696172 /* Debug */,
				F176FE831B2EEFCD00696172 /* Release */,
			);
			defaultConfigurationIsVisible = 0;
		};
/* End XCConfigurationList section */
	};
	rootObject = F176FE531B2EEFCD00696172 /* Project object */;
}
